// !$*UTF8*$!
{
	archiveVersion = 1;
	classes = {
	};
	objectVersion = 71;
	objects = {

/* Begin PBXBuildFile section */
		561412C12FC96BA50018979E /* FirebaseAnalytics in Frameworks */ = {isa = PBXBuildFile; productRef = 561412C02FC96BA50018979E /* FirebaseAnalytics */; };
		561412C32FC96BA50018979E /* FirebaseAppCheck in Frameworks */ = {isa = PBXBuildFile; productRef = 561412C22FC96BA50018979E /* FirebaseAppCheck */; };
		561412C52FC96BA50018979E /* FirebaseAuth in Frameworks */ = {isa = PBXBuildFile; productRef = 561412C42FC96BA50018979E /* FirebaseAuth */; };
		561412C72FC96BA50018979E /* FirebaseCore in Frameworks */ = {isa = PBXBuildFile; productRef = 561412C62FC96BA50018979E /* FirebaseCore */; };
		561412C92FC96BA50018979E /* FirebaseDatabase in Frameworks */ = {isa = PBXBuildFile; productRef = 561412C82FC96BA50018979E /* FirebaseDatabase */; };
		561412CC2FC96EC30018979E /* Cloudinary in Frameworks */ = {isa = PBXBuildFile; productRef = 561412CB2FC96EC30018979E /* Cloudinary */; };
		902558BB2FC9B97600B0D195 /* Xendit in Frameworks */ = {isa = PBXBuildFile; productRef = 902558BA2FC9B97600B0D195 /* Xendit */; };
/* End PBXBuildFile section */

/* Begin PBXContainerItemProxy section */
		90ACDE412FB57E4400DA3D28 /* PBXContainerItemProxy */ = {
			isa = PBXContainerItemProxy;
			containerPortal = 90ACDE2B2FB57E4300DA3D28 /* Project object */;
			proxyType = 1;
			remoteGlobalIDString = 90ACDE322FB57E4300DA3D28;
			remoteInfo = ShutterSpace;
		};
		90ACDE4B2FB57E4400DA3D28 /* PBXContainerItemProxy */ = {
			isa = PBXContainerItemProxy;
			containerPortal = 90ACDE2B2FB57E4300DA3D28 /* Project object */;
			proxyType = 1;
			remoteGlobalIDString = 90ACDE322FB57E4300DA3D28;
			remoteInfo = ShutterSpace;
		};
/* End PBXContainerItemProxy section */

/* Begin PBXFileReference section */
		90ACDE332FB57E4300DA3D28 /* ShutterSpace.app */ = {isa = PBXFileReference; explicitFileType = wrapper.application; includeInIndex = 0; path = ShutterSpace.app; sourceTree = BUILT_PRODUCTS_DIR; };
		90ACDE402FB57E4400DA3D28 /* ShutterSpaceTests.xctest */ = {isa = PBXFileReference; explicitFileType = wrapper.cfbundle; includeInIndex = 0; path = ShutterSpaceTests.xctest; sourceTree = BUILT_PRODUCTS_DIR; };
		90ACDE4A2FB57E4400DA3D28 /* ShutterSpaceUITests.xctest */ = {isa = PBXFileReference; explicitFileType = wrapper.cfbundle; includeInIndex = 0; path = ShutterSpaceUITests.xctest; sourceTree = BUILT_PRODUCTS_DIR; };
/* End PBXFileReference section */

/* Begin PBXFileSystemSynchronizedBuildFileExceptionSet section */
		561412BE2FC969AA0018979E /* PBXFileSystemSynchronizedBuildFileExceptionSet */ = {
			isa = PBXFileSystemSynchronizedBuildFileExceptionSet;
			membershipExceptions = (
				Info.plist,
			);
			target = 90ACDE322FB57E4300DA3D28 /* ShutterSpace */;
		};
/* End PBXFileSystemSynchronizedBuildFileExceptionSet section */

/* Begin PBXFileSystemSynchronizedRootGroup section */
		90ACDE352FB57E4300DA3D28 /* ShutterSpace */ = {isa = PBXFileSystemSynchronizedRootGroup; exceptions = (561412BE2FC969AA0018979E /* PBXFileSystemSynchronizedBuildFileExceptionSet */, ); explicitFileTypes = {}; explicitFolders = (); path = ShutterSpace; sourceTree = "<group>"; };
		90ACDE432FB57E4400DA3D28 /* ShutterSpaceTests */ = {isa = PBXFileSystemSynchronizedRootGroup; explicitFileTypes = {}; explicitFolders = (); path = ShutterSpaceTests; sourceTree = "<group>"; };
		90ACDE4D2FB57E4400DA3D28 /* ShutterSpaceUITests */ = {isa = PBXFileSystemSynchronizedRootGroup; explicitFileTypes = {}; explicitFolders = (); path = ShutterSpaceUITests; sourceTree = "<group>"; };
/* End PBXFileSystemSynchronizedRootGroup section */

/* Begin PBXFrameworksBuildPhase section */
		90ACDE302FB57E4300DA3D28 /* Frameworks */ = {
			isa = PBXFrameworksBuildPhase;
			buildActionMask = 2147483647;
			files = (
				561412C92FC96BA50018979E /* FirebaseDatabase in Frameworks */,
				561412C32FC96BA50018979E /* FirebaseAppCheck in Frameworks */,
				561412CC2FC96EC30018979E /* Cloudinary in Frameworks */,
				902558BB2FC9B97600B0D195 /* Xendit in Frameworks */,
				561412C52FC96BA50018979E /* FirebaseAuth in Frameworks */,
				561412C72FC96BA50018979E /* FirebaseCore in Frameworks */,
				561412C12FC96BA50018979E /* FirebaseAnalytics in Frameworks */,
			);
			runOnlyForDeploymentPostprocessing = 0;
		};
		90ACDE3D2FB57E4400DA3D28 /* Frameworks */ = {
			isa = PBXFrameworksBuildPhase;
			buildActionMask = 2147483647;
			files = (
			);
			runOnlyForDeploymentPostprocessing = 0;
		};
		90ACDE472FB57E4400DA3D28 /* Frameworks */ = {
			isa = PBXFrameworksBuildPhase;
			buildActionMask = 2147483647;
			files = (
			);
			runOnlyForDeploymentPostprocessing = 0;
		};
/* End PBXFrameworksBuildPhase section */

/* Begin PBXGroup section */
		90ACDE2A2FB57E4300DA3D28 = {
			isa = PBXGroup;
			children = (
				90ACDE352FB57E4300DA3D28 /* ShutterSpace */,
				90ACDE432FB57E4400DA3D28 /* ShutterSpaceTests */,
				90ACDE4D2FB57E4400DA3D28 /* ShutterSpaceUITests */,
				90ACDE342FB57E4300DA3D28 /* Products */,
			);
			sourceTree = "<group>";
		};
		90ACDE342FB57E4300DA3D28 /* Products */ = {
			isa = PBXGroup;
			children = (
				90ACDE332FB57E4300DA3D28 /* ShutterSpace.app */,
				90ACDE402FB57E4400DA3D28 /* ShutterSpaceTests.xctest */,
				90ACDE4A2FB57E4400DA3D28 /* ShutterSpaceUITests.xctest */,
			);
			name = Products;
			sourceTree = "<group>";
		};
/* End PBXGroup section */

/* Begin PBXNativeTarget section */
		90ACDE322FB57E4300DA3D28 /* ShutterSpace */ = {
			isa = PBXNativeTarget;
			buildConfigurationList = 90ACDE542FB57E4400DA3D28 /* Build configuration list for PBXNativeTarget "ShutterSpace" */;
			buildPhases = (
				90ACDE2F2FB57E4300DA3D28 /* Sources */,
				90ACDE302FB57E4300DA3D28 /* Frameworks */,
				90ACDE312FB57E4300DA3D28 /* Resources */,
			);
			buildRules = (
			);
			dependencies = (
			);
			fileSystemSynchronizedGroups = (
				90ACDE352FB57E4300DA3D28 /* ShutterSpace */,
			);
			name = ShutterSpace;
			packageProductDependencies = (
				561412C02FC96BA50018979E /* FirebaseAnalytics */,
				561412C22FC96BA50018979E /* FirebaseAppCheck */,
				561412C42FC96BA50018979E /* FirebaseAuth */,
				561412C62FC96BA50018979E /* FirebaseCore */,
				561412C82FC96BA50018979E /* FirebaseDatabase */,
				561412CB2FC96EC30018979E /* Cloudinary */,
				902558BA2FC9B97600B0D195 /* Xendit */,
			);
			productName = ShutterSpace;
			productReference = 90ACDE332FB57E4300DA3D28 /* ShutterSpace.app */;
			productType = "com.apple.product-type.application";
		};
		90ACDE3F2FB57E4400DA3D28 /* ShutterSpaceTests */ = {
			isa = PBXNativeTarget;
			buildConfigurationList = 90ACDE572FB57E4400DA3D28 /* Build configuration list for PBXNativeTarget "ShutterSpaceTests" */;
			buildPhases = (
				90ACDE3C2FB57E4400DA3D28 /* Sources */,
				90ACDE3D2FB57E4400DA3D28 /* Frameworks */,
				90ACDE3E2FB57E4400DA3D28 /* Resources */,
			);
			buildRules = (
			);
			dependencies = (
				90ACDE422FB57E4400DA3D28 /* PBXTargetDependency */,
			);
			fileSystemSynchronizedGroups = (
				90ACDE432FB57E4400DA3D28 /* ShutterSpaceTests */,
			);
			name = ShutterSpaceTests;
			packageProductDependencies = (
			);
			productName = ShutterSpaceTests;
			productReference = 90ACDE402FB57E4400DA3D28 /* ShutterSpaceTests.xctest */;
			productType = "com.apple.product-type.bundle.unit-test";
		};
		90ACDE492FB57E4400DA3D28 /* ShutterSpaceUITests */ = {
			isa = PBXNativeTarget;
			buildConfigurationList = 90ACDE5A2FB57E4400DA3D28 /* Build configuration list for PBXNativeTarget "ShutterSpaceUITests" */;
			buildPhases = (
				90ACDE462FB57E4400DA3D28 /* Sources */,
				90ACDE472FB57E4400DA3D28 /* Frameworks */,
				90ACDE482FB57E4400DA3D28 /* Resources */,
			);
			buildRules = (
			);
			dependencies = (
				90ACDE4C2FB57E4400DA3D28 /* PBXTargetDependency */,
			);
			fileSystemSynchronizedGroups = (
				90ACDE4D2FB57E4400DA3D28 /* ShutterSpaceUITests */,
			);
			name = ShutterSpaceUITests;
			packageProductDependencies = (
			);
			productName = ShutterSpaceUITests;
			productReference = 90ACDE4A2FB57E4400DA3D28 /* ShutterSpaceUITests.xctest */;
			productType = "com.apple.product-type.bundle.ui-testing";
		};
/* End PBXNativeTarget section */

/* Begin PBXProject section */
		90ACDE2B2FB57E4300DA3D28 /* Project object */ = {
			isa = PBXProject;
			attributes = {
				BuildIndependentTargetsInParallel = 1;
				LastSwiftUpdateCheck = 2640;
				LastUpgradeCheck = 2640;
				TargetAttributes = {
					90ACDE322FB57E4300DA3D28 = {
						CreatedOnToolsVersion = 26.4.1;
					};
					90ACDE3F2FB57E4400DA3D28 = {
						CreatedOnToolsVersion = 26.4.1;
						TestTargetID = 90ACDE322FB57E4300DA3D28;
					};
					90ACDE492FB57E4400DA3D28 = {
						CreatedOnToolsVersion = 26.4.1;
						TestTargetID = 90ACDE322FB57E4300DA3D28;
					};
				};
			};
			buildConfigurationList = 90ACDE2E2FB57E4300DA3D28 /* Build configuration list for PBXProject "ShutterSpace" */;
			compatibilityVersion = "Xcode 14.0";
			developmentRegion = en;
			hasScannedForEncodings = 0;
			knownRegions = (
				en,
				Base,
			);
			mainGroup = 90ACDE2A2FB57E4300DA3D28;
			minimizedProjectReferenceProxies = 1;
			packageReferences = (
				561412BF2FC96BA50018979E /* XCRemoteSwiftPackageReference "firebase-ios-sdk" */,
				561412CA2FC96EC30018979E /* XCRemoteSwiftPackageReference "cloudinary_ios" */,
				902558B92FC9B97600B0D195 /* XCRemoteSwiftPackageReference "xendit-sdk-ios-src" */,
			);
			productRefGroup = 90ACDE342FB57E4300DA3D28 /* Products */;
			projectDirPath = "";
			projectRoot = "";
			targets = (
				90ACDE322FB57E4300DA3D28 /* ShutterSpace */,
				90ACDE3F2FB57E4400DA3D28 /* ShutterSpaceTests */,
				90ACDE492FB57E4400DA3D28 /* ShutterSpaceUITests */,
			);
		};
/* End PBXProject section */

/* Begin PBXResourcesBuildPhase section */
		90ACDE312FB57E4300DA3D28 /* Resources */ = {
			isa = PBXResourcesBuildPhase;
			buildActionMask = 2147483647;
			files = (
			);
			runOnlyForDeploymentPostprocessing = 0;
		};
		90ACDE3E2FB57E4400DA3D28 /* Resources */ = {
			isa = PBXResourcesBuildPhase;
			buildActionMask = 2147483647;
			files = (
			);
			runOnlyForDeploymentPostprocessing = 0;
		};
		90ACDE482FB57E4400DA3D28 /* Resources */ = {
			isa = PBXResourcesBuildPhase;
			buildActionMask = 2147483647;
			files = (
			);
			runOnlyForDeploymentPostprocessing = 0;
		};
/* End PBXResourcesBuildPhase section */

/* Begin PBXSourcesBuildPhase section */
		90ACDE2F2FB57E4300DA3D28 /* Sources */ = {
			isa = PBXSourcesBuildPhase;
			buildActionMask = 2147483647;
			files = (
			);
			runOnlyForDeploymentPostprocessing = 0;
		};
		90ACDE3C2FB57E4400DA3D28 /* Sources */ = {
			isa = PBXSourcesBuildPhase;
			buildActionMask = 2147483647;
			files = (
			);
			runOnlyForDeploymentPostprocessing = 0;
		};
		90ACDE462FB57E4400DA3D28 /* Sources */ = {
			isa = PBXSourcesBuildPhase;
			buildActionMask = 2147483647;
			files = (
			);
			runOnlyForDeploymentPostprocessing = 0;
		};
/* End PBXSourcesBuildPhase section */

/* Begin PBXTargetDependency section */
		90ACDE422FB57E4400DA3D28 /* PBXTargetDependency */ = {
			isa = PBXTargetDependency;
			target = 90ACDE322FB57E4300DA3D28 /* ShutterSpace */;
			targetProxy = 90ACDE412FB57E4400DA3D28 /* PBXContainerItemProxy */;
		};
		90ACDE4C2FB57E4400DA3D28 /* PBXTargetDependency */ = {
			isa = PBXTargetDependency;
			target = 90ACDE322FB57E4300DA3D28 /* ShutterSpace */;
			targetProxy = 90ACDE4B2FB57E4400DA3D28 /* PBXContainerItemProxy */;
		};
/* End PBXTargetDependency section */

/* Begin XCBuildConfiguration section */
		90ACDE522FB57E4400DA3D28 /* Debug */ = {
			isa = XCBuildConfiguration;
			baseConfigurationReferenceAnchor = 90ACDE352FB57E4300DA3D28 /* ShutterSpace */;
			baseConfigurationReferenceRelativePath = Secrets.xcconfig;
			buildSettings = {
				ALWAYS_SEARCH_USER_PATHS = NO;
				ASSETCATALOG_COMPILER_GENERATE_SWIFT_ASSET_SYMBOL_EXTENSIONS = YES;
				CLANG_ANALYZER_NONNULL = YES;
				CLANG_ANALYZER_NUMBER_OBJECT_CONVERSION = YES_AGGRESSIVE;
				CLANG_CXX_LANGUAGE_STANDARD = "gnu++20";
				CLANG_ENABLE_MODULES = YES;
				CLANG_ENABLE_OBJC_ARC = YES;
				CLANG_ENABLE_OBJC_WEAK = YES;
				CLANG_WARN_BLOCK_CAPTURE_AUTORELEASING = YES;
				CLANG_WARN_BOOL_CONVERSION = YES;
				CLANG_WARN_COMMA = YES;
				CLANG_WARN_CONSTANT_CONVERSION = YES;
				CLANG_WARN_DEPRECATED_OBJC_IMPLEMENTATIONS = YES;
				CLANG_WARN_DIRECT_OBJC_ISA_USAGE = YES_ERROR;
				CLANG_WARN_DOCUMENTATION_COMMENTS = YES;
				CLANG_WARN_EMPTY_BODY = YES;
				CLANG_WARN_ENUM_CONVERSION = YES;
				CLANG_WARN_INFINITE_RECURSION = YES;
				CLANG_WARN_INT_CONVERSION = YES;
				CLANG_WARN_NON_LITERAL_NULL_CONVERSION = YES;
				CLANG_WARN_OBJC_IMPLICIT_RETAIN_SELF = YES;
				CLANG_WARN_OBJC_LITERAL_CONVERSION = YES;
				CLANG_WARN_OBJC_ROOT_CLASS = YES_ERROR;
				CLANG_WARN_QUOTED_INCLUDE_IN_FRAMEWORK_HEADER = YES;
				CLANG_WARN_RANGE_LOOP_ANALYSIS = YES;
				CLANG_WARN_STRICT_PROTOTYPES = YES;
				CLANG_WARN_SUSPICIOUS_MOVE = YES;
				CLANG_WARN_UNGUARDED_AVAILABILITY = YES_AGGRESSIVE;
				CLANG_WARN_UNREACHABLE_CODE = YES;
				CLANG_WARN__DUPLICATE_METHOD_MATCH = YES;
				COPY_PHASE_STRIP = NO;
				DEBUG_INFORMATION_FORMAT = dwarf;
				DEVELOPMENT_TEAM = V23GVR66K5;
				ENABLE_STRICT_OBJC_MSGSEND = YES;
				ENABLE_TESTABILITY = YES;
				ENABLE_USER_SCRIPT_SANDBOXING = YES;
				GCC_C_LANGUAGE_STANDARD = gnu17;
				GCC_DYNAMIC_NO_PIC = NO;
				GCC_NO_COMMON_BLOCKS = YES;
				GCC_OPTIMIZATION_LEVEL = 0;
				GCC_PREPROCESSOR_DEFINITIONS = (
					"DEBUG=1",
					"$(inherited)",
				);
				GCC_WARN_64_TO_32_BIT_CONVERSION = YES;
				GCC_WARN_ABOUT_RETURN_TYPE = YES_ERROR;
				GCC_WARN_UNDECLARED_SELECTOR = YES;
				GCC_WARN_UNINITIALIZED_AUTOS = YES_AGGRESSIVE;
				GCC_WARN_UNUSED_FUNCTION = YES;
				GCC_WARN_UNUSED_VARIABLE = YES;
				IPHONEOS_DEPLOYMENT_TARGET = 26.4;
				LOCALIZATION_PREFERS_STRING_CATALOGS = YES;
				MTL_ENABLE_DEBUG_INFO = INCLUDE_SOURCE;
				MTL_FAST_MATH = YES;
				ONLY_ACTIVE_ARCH = YES;
				SDKROOT = iphoneos;
				SWIFT_ACTIVE_COMPILATION_CONDITIONS = "DEBUG $(inherited)";
				SWIFT_OPTIMIZATION_LEVEL = "-Onone";
			};
			name = Debug;
		};
		90ACDE532FB57E4400DA3D28 /* Release */ = {
			isa = XCBuildConfiguration;
			baseConfigurationReferenceAnchor = 90ACDE352FB57E4300DA3D28 /* ShutterSpace */;
			baseConfigurationReferenceRelativePath = Secrets.xcconfig;
			buildSettings = {
				ALWAYS_SEARCH_USER_PATHS = NO;
				ASSETCATALOG_COMPILER_GENERATE_SWIFT_ASSET_SYMBOL_EXTENSIONS = YES;
				CLANG_ANALYZER_NONNULL = YES;
				CLANG_ANALYZER_NUMBER_OBJECT_CONVERSION = YES_AGGRESSIVE;
				CLANG_CXX_LANGUAGE_STANDARD = "gnu++20";
				CLANG_ENABLE_MODULES = YES;
				CLANG_ENABLE_OBJC_ARC = YES;
				CLANG_ENABLE_OBJC_WEAK = YES;
				CLANG_WARN_BLOCK_CAPTURE_AUTORELEASING = YES;
				CLANG_WARN_BOOL_CONVERSION = YES;
				CLANG_WARN_COMMA = YES;
				CLANG_WARN_CONSTANT_CONVERSION = YES;
				CLANG_WARN_DEPRECATED_OBJC_IMPLEMENTATIONS = YES;
				CLANG_WARN_DIRECT_OBJC_ISA_USAGE = YES_ERROR;
				CLANG_WARN_DOCUMENTATION_COMMENTS = YES;
				CLANG_WARN_EMPTY_BODY = YES;
				CLANG_WARN_ENUM_CONVERSION = YES;
				CLANG_WARN_INFINITE_RECURSION = YES;
				CLANG_WARN_INT_CONVERSION = YES;
				CLANG_WARN_NON_LITERAL_NULL_CONVERSION = YES;
				CLANG_WARN_OBJC_IMPLICIT_RETAIN_SELF = YES;
				CLANG_WARN_OBJC_LITERAL_CONVERSION = YES;
				CLANG_WARN_OBJC_ROOT_CLASS = YES_ERROR;
				CLANG_WARN_QUOTED_INCLUDE_IN_FRAMEWORK_HEADER = YES;
				CLANG_WARN_RANGE_LOOP_ANALYSIS = YES;
				CLANG_WARN_STRICT_PROTOTYPES = YES;
				CLANG_WARN_SUSPICIOUS_MOVE = YES;
				CLANG_WARN_UNGUARDED_AVAILABILITY = YES_AGGRESSIVE;
				CLANG_WARN_UNREACHABLE_CODE = YES;
				CLANG_WARN__DUPLICATE_METHOD_MATCH = YES;
				COPY_PHASE_STRIP = NO;
				DEBUG_INFORMATION_FORMAT = "dwarf-with-dsym";
				DEVELOPMENT_TEAM = V23GVR66K5;
				ENABLE_NS_ASSERTIONS = NO;
				ENABLE_STRICT_OBJC_MSGSEND = YES;
				ENABLE_USER_SCRIPT_SANDBOXING = YES;
				GCC_C_LANGUAGE_STANDARD = gnu17;
				GCC_NO_COMMON_BLOCKS = YES;
				GCC_WARN_64_TO_32_BIT_CONVERSION = YES;
				GCC_WARN_ABOUT_RETURN_TYPE = YES_ERROR;
				GCC_WARN_UNDECLARED_SELECTOR = YES;
				GCC_WARN_UNINITIALIZED_AUTOS = YES_AGGRESSIVE;
				GCC_WARN_UNUSED_FUNCTION = YES;
				GCC_WARN_UNUSED_VARIABLE = YES;
				IPHONEOS_DEPLOYMENT_TARGET = 26.4;
				LOCALIZATION_PREFERS_STRING_CATALOGS = YES;
				MTL_ENABLE_DEBUG_INFO = NO;
				MTL_FAST_MATH = YES;
				SDKROOT = iphoneos;
				SWIFT_COMPILATION_MODE = wholemodule;
				VALIDATE_PRODUCT = YES;
			};
			name = Release;
		};
		90ACDE552FB57E4400DA3D28 /* Debug */ = {
			isa = XCBuildConfiguration;
			buildSettings = {
				ASSETCATALOG_COMPILER_APPICON_NAME = AppIcon;
				ASSETCATALOG_COMPILER_GLOBAL_ACCENT_COLOR_NAME = AccentColor;
				CODE_SIGN_STYLE = Automatic;
				CURRENT_PROJECT_VERSION = 1;
				DEVELOPMENT_TEAM = Q5G563YDBB;
				ENABLE_PREVIEWS = YES;
				GENERATE_INFOPLIST_FILE = YES;
				INFOPLIST_FILE = ShutterSpace/Info.plist;
				INFOPLIST_KEY_UIApplicationSceneManifest_Generation = YES;
				INFOPLIST_KEY_UIApplicationSupportsIndirectInputEvents = YES;
				INFOPLIST_KEY_UILaunchScreen_Generation = YES;
				INFOPLIST_KEY_UISupportedInterfaceOrientations_iPad = "UIInterfaceOrientationPortrait UIInterfaceOrientationPortraitUpsideDown UIInterfaceOrientationLandscapeLeft UIInterfaceOrientationLandscapeRight";
				INFOPLIST_KEY_UISupportedInterfaceOrientations_iPhone = "UIInterfaceOrientationPortrait UIInterfaceOrientationLandscapeLeft UIInterfaceOrientationLandscapeRight";
				IPHONEOS_DEPLOYMENT_TARGET = 26.0;
				LD_RUNPATH_SEARCH_PATHS = (
					"$(inherited)",
					"@executable_path/Frameworks",
				);
				MARKETING_VERSION = 1.0;
				PRODUCT_BUNDLE_IDENTIFIER = MAD.ShutterSpace;
				PRODUCT_NAME = "$(TARGET_NAME)";
				STRING_CATALOG_GENERATE_SYMBOLS = YES;
				SWIFT_APPROACHABLE_CONCURRENCY = YES;
				SWIFT_DEFAULT_ACTOR_ISOLATION = MainActor;
				SWIFT_EMIT_LOC_STRINGS = YES;
				SWIFT_UPCOMING_FEATURE_MEMBER_IMPORT_VISIBILITY = YES;
				SWIFT_VERSION = 5.0;
				TARGETED_DEVICE_FAMILY = "1,2";
			};
			name = Debug;
		};
		90ACDE562FB57E4400DA3D28 /* Release */ = {
			isa = XCBuildConfiguration;
			buildSettings = {
				ASSETCATALOG_COMPILER_APPICON_NAME = AppIcon;
				ASSETCATALOG_COMPILER_GLOBAL_ACCENT_COLOR_NAME = AccentColor;
				CODE_SIGN_STYLE = Automatic;
				CURRENT_PROJECT_VERSION = 1;
				DEVELOPMENT_TEAM = Q5G563YDBB;
				ENABLE_PREVIEWS = YES;
				GENERATE_INFOPLIST_FILE = YES;
				INFOPLIST_FILE = ShutterSpace/Info.plist;
				INFOPLIST_KEY_UIApplicationSceneManifest_Generation = YES;
				INFOPLIST_KEY_UIApplicationSupportsIndirectInputEvents = YES;
				INFOPLIST_KEY_UILaunchScreen_Generation = YES;
				INFOPLIST_KEY_UISupportedInterfaceOrientations_iPad = "UIInterfaceOrientationPortrait UIInterfaceOrientationPortraitUpsideDown UIInterfaceOrientationLandscapeLeft UIInterfaceOrientationLandscapeRight";
				INFOPLIST_KEY_UISupportedInterfaceOrientations_iPhone = "UIInterfaceOrientationPortrait UIInterfaceOrientationLandscapeLeft UIInterfaceOrientationLandscapeRight";
				IPHONEOS_DEPLOYMENT_TARGET = 26.0;
				LD_RUNPATH_SEARCH_PATHS = (
					"$(inherited)",
					"@executable_path/Frameworks",
				);
				MARKETING_VERSION = 1.0;
				PRODUCT_BUNDLE_IDENTIFIER = MAD.ShutterSpace;
				PRODUCT_NAME = "$(TARGET_NAME)";
				STRING_CATALOG_GENERATE_SYMBOLS = YES;
				SWIFT_APPROACHABLE_CONCURRENCY = YES;
				SWIFT_DEFAULT_ACTOR_ISOLATION = MainActor;
				SWIFT_EMIT_LOC_STRINGS = YES;
				SWIFT_UPCOMING_FEATURE_MEMBER_IMPORT_VISIBILITY = YES;
				SWIFT_VERSION = 5.0;
				TARGETED_DEVICE_FAMILY = "1,2";
			};
			name = Release;
		};
		90ACDE582FB57E4400DA3D28 /* Debug */ = {
			isa = XCBuildConfiguration;
			buildSettings = {
				BUNDLE_LOADER = "$(TEST_HOST)";
				CODE_SIGN_STYLE = Automatic;
				CURRENT_PROJECT_VERSION = 1;
				DEVELOPMENT_TEAM = V23GVR66K5;
				GENERATE_INFOPLIST_FILE = YES;
				IPHONEOS_DEPLOYMENT_TARGET = 26.4;
				MARKETING_VERSION = 1.0;
				PRODUCT_BUNDLE_IDENTIFIER = com.Gee.ShutterSpaceTests;
				PRODUCT_NAME = "$(TARGET_NAME)";
				STRING_CATALOG_GENERATE_SYMBOLS = NO;
				SWIFT_APPROACHABLE_CONCURRENCY = YES;
				SWIFT_EMIT_LOC_STRINGS = NO;
				SWIFT_UPCOMING_FEATURE_MEMBER_IMPORT_VISIBILITY = YES;
				SWIFT_VERSION = 5.0;
				TARGETED_DEVICE_FAMILY = "1,2";
				TEST_HOST = "$(BUILT_PRODUCTS_DIR)/ShutterSpace.app/$(BUNDLE_EXECUTABLE_FOLDER_PATH)/ShutterSpace";
			};
			name = Debug;
		};
		90ACDE592FB57E4400DA3D28 /* Release */ = {
			isa = XCBuildConfiguration;
			buildSettings = {
				BUNDLE_LOADER = "$(TEST_HOST)";
				CODE_SIGN_STYLE = Automatic;
				CURRENT_PROJECT_VERSION = 1;
				DEVELOPMENT_TEAM = V23GVR66K5;
				GENERATE_INFOPLIST_FILE = YES;
				IPHONEOS_DEPLOYMENT_TARGET = 26.4;
				MARKETING_VERSION = 1.0;
				PRODUCT_BUNDLE_IDENTIFIER = com.Gee.ShutterSpaceTests;
				PRODUCT_NAME = "$(TARGET_NAME)";
				STRING_CATALOG_GENERATE_SYMBOLS = NO;
				SWIFT_APPROACHABLE_CONCURRENCY = YES;
				SWIFT_EMIT_LOC_STRINGS = NO;
				SWIFT_UPCOMING_FEATURE_MEMBER_IMPORT_VISIBILITY = YES;
				SWIFT_VERSION = 5.0;
				TARGETED_DEVICE_FAMILY = "1,2";
				TEST_HOST = "$(BUILT_PRODUCTS_DIR)/ShutterSpace.app/$(BUNDLE_EXECUTABLE_FOLDER_PATH)/ShutterSpace";
			};
			name = Release;
		};
		90ACDE5B2FB57E4400DA3D28 /* Debug */ = {
			isa = XCBuildConfiguration;
			buildSettings = {
				CODE_SIGN_STYLE = Automatic;
				CURRENT_PROJECT_VERSION = 1;
				DEVELOPMENT_TEAM = V23GVR66K5;
				GENERATE_INFOPLIST_FILE = YES;
				MARKETING_VERSION = 1.0;
				PRODUCT_BUNDLE_IDENTIFIER = com.Gee.ShutterSpaceUITests;
				PRODUCT_NAME = "$(TARGET_NAME)";
				STRING_CATALOG_GENERATE_SYMBOLS = NO;
				SWIFT_APPROACHABLE_CONCURRENCY = YES;
				SWIFT_EMIT_LOC_STRINGS = NO;
				SWIFT_UPCOMING_FEATURE_MEMBER_IMPORT_VISIBILITY = YES;
				SWIFT_VERSION = 5.0;
				TARGETED_DEVICE_FAMILY = "1,2";
				TEST_TARGET_NAME = ShutterSpace;
			};
			name = Debug;
		};
		90ACDE5C2FB57E4400DA3D28 /* Release */ = {
			isa = XCBuildConfiguration;
			buildSettings = {
				CODE_SIGN_STYLE = Automatic;
				CURRENT_PROJECT_VERSION = 1;
				DEVELOPMENT_TEAM = V23GVR66K5;
				GENERATE_INFOPLIST_FILE = YES;
				MARKETING_VERSION = 1.0;
				PRODUCT_BUNDLE_IDENTIFIER = com.Gee.ShutterSpaceUITests;
				PRODUCT_NAME = "$(TARGET_NAME)";
				STRING_CATALOG_GENERATE_SYMBOLS = NO;
				SWIFT_APPROACHABLE_CONCURRENCY = YES;
				SWIFT_EMIT_LOC_STRINGS = NO;
				SWIFT_UPCOMING_FEATURE_MEMBER_IMPORT_VISIBILITY = YES;
				SWIFT_VERSION = 5.0;
				TARGETED_DEVICE_FAMILY = "1,2";
				TEST_TARGET_NAME = ShutterSpace;
			};
			name = Release;
		};
/* End XCBuildConfiguration section */

/* Begin XCConfigurationList section */
		90ACDE2E2FB57E4300DA3D28 /* Build configuration list for PBXProject "ShutterSpace" */ = {
			isa = XCConfigurationList;
			buildConfigurations = (
				90ACDE522FB57E4400DA3D28 /* Debug */,
				90ACDE532FB57E4400DA3D28 /* Release */,
			);
			defaultConfigurationIsVisible = 0;
			defaultConfigurationName = Release;
		};
		90ACDE542FB57E4400DA3D28 /* Build configuration list for PBXNativeTarget "ShutterSpace" */ = {
			isa = XCConfigurationList;
			buildConfigurations = (
				90ACDE552FB57E4400DA3D28 /* Debug */,
				90ACDE562FB57E4400DA3D28 /* Release */,
			);
			defaultConfigurationIsVisible = 0;
			defaultConfigurationName = Release;
		};
		90ACDE572FB57E4400DA3D28 /* Build configuration list for PBXNativeTarget "ShutterSpaceTests" */ = {
			isa = XCConfigurationList;
			buildConfigurations = (
				90ACDE582FB57E4400DA3D28 /* Debug */,
				90ACDE592FB57E4400DA3D28 /* Release */,
			);
			defaultConfigurationIsVisible = 0;
			defaultConfigurationName = Release;
		};
		90ACDE5A2FB57E4400DA3D28 /* Build configuration list for PBXNativeTarget "ShutterSpaceUITests" */ = {
			isa = XCConfigurationList;
			buildConfigurations = (
				90ACDE5B2FB57E4400DA3D28 /* Debug */,
				90ACDE5C2FB57E4400DA3D28 /* Release */,
			);
			defaultConfigurationIsVisible = 0;
			defaultConfigurationName = Release;
		};
/* End XCConfigurationList section */

/* Begin XCRemoteSwiftPackageReference section */
		561412BF2FC96BA50018979E /* XCRemoteSwiftPackageReference "firebase-ios-sdk" */ = {
			isa = XCRemoteSwiftPackageReference;
			repositoryURL = "https://github.com/firebase/firebase-ios-sdk.git";
			requirement = {
				kind = upToNextMajorVersion;
				minimumVersion = 12.14.0;
			};
		};
		561412CA2FC96EC30018979E /* XCRemoteSwiftPackageReference "cloudinary_ios" */ = {
			isa = XCRemoteSwiftPackageReference;
			repositoryURL = "https://github.com/cloudinary/cloudinary_ios.git";
			requirement = {
				kind = upToNextMajorVersion;
				minimumVersion = 5.2.5;
			};
		};
		902558B92FC9B97600B0D195 /* XCRemoteSwiftPackageReference "xendit-sdk-ios-src" */ = {
			isa = XCRemoteSwiftPackageReference;
			repositoryURL = "https://github.com/xendit/xendit-sdk-ios-src";
			requirement = {
				kind = upToNextMajorVersion;
				minimumVersion = 3.10.8;
			};
		};
/* End XCRemoteSwiftPackageReference section */

/* Begin XCSwiftPackageProductDependency section */
		561412C02FC96BA50018979E /* FirebaseAnalytics */ = {
			isa = XCSwiftPackageProductDependency;
			package = 561412BF2FC96BA50018979E /* XCRemoteSwiftPackageReference "firebase-ios-sdk" */;
			productName = FirebaseAnalytics;
		};
		561412C22FC96BA50018979E /* FirebaseAppCheck */ = {
			isa = XCSwiftPackageProductDependency;
			package = 561412BF2FC96BA50018979E /* XCRemoteSwiftPackageReference "firebase-ios-sdk" */;
			productName = FirebaseAppCheck;
		};
		561412C42FC96BA50018979E /* FirebaseAuth */ = {
			isa = XCSwiftPackageProductDependency;
			package = 561412BF2FC96BA50018979E /* XCRemoteSwiftPackageReference "firebase-ios-sdk" */;
			productName = FirebaseAuth;
		};
		561412C62FC96BA50018979E /* FirebaseCore */ = {
			isa = XCSwiftPackageProductDependency;
			package = 561412BF2FC96BA50018979E /* XCRemoteSwiftPackageReference "firebase-ios-sdk" */;
			productName = FirebaseCore;
		};
		561412C82FC96BA50018979E /* FirebaseDatabase */ = {
			isa = XCSwiftPackageProductDependency;
			package = 561412BF2FC96BA50018979E /* XCRemoteSwiftPackageReference "firebase-ios-sdk" */;
			productName = FirebaseDatabase;
		};
		561412CB2FC96EC30018979E /* Cloudinary */ = {
			isa = XCSwiftPackageProductDependency;
			package = 561412CA2FC96EC30018979E /* XCRemoteSwiftPackageReference "cloudinary_ios" */;
			productName = Cloudinary;
		};
		902558BA2FC9B97600B0D195 /* Xendit */ = {
			isa = XCSwiftPackageProductDependency;
			package = 902558B92FC9B97600B0D195 /* XCRemoteSwiftPackageReference "xendit-sdk-ios-src" */;
			productName = Xendit;
		};
/* End XCSwiftPackageProductDependency section */
	};
	rootObject = 90ACDE2B2FB57E4300DA3D28 /* Project object */;
}
